// !$*UTF8*$!
{
	archiveVersion = 1;
	classes = {
	};
	objectVersion = 77;
	objects = {

/* Begin PBXContainerItemProxy section */
		6972B60B2D5D8EF200F29A45 /* PBXContainerItemProxy */ = {
			isa = PBXContainerItemProxy;
			containerPortal = 6972B5F22D5D8EF000F29A45 /* Project object */;
			proxyType = 1;
			remoteGlobalIDString = 6972B5F92D5D8EF000F29A45;
			remoteInfo = "Coffee Passport";
		};
		6972B6152D5D8EF200F29A45 /* PBXContainerItemProxy */ = {
			isa = PBXContainerItemProxy;
			containerPortal = 6972B5F22D5D8EF000F29A45 /* Project object */;
			proxyType = 1;
			remoteGlobalIDString = 6972B5F92D5D8EF000F29A45;
			remoteInfo = "Coffee Passport";
		};
/* End PBXContainerItemProxy section */

/* Begin PBXFileReference section */
		6972B5FA2D5D8EF000F29A45 /* Coffee Passport.app */ = {isa = PBXFileReference; explicitFileType = wrapper.application; includeInIndex = 0; path = "Coffee Passport.app"; sourceTree = BUILT_PRODUCTS_DIR; };
		6972B60A2D5D8EF200F29A45 /* Coffee PassportTests.xctest */ = {isa = PBXFileReference; explicitFileType = wrapper.cfbundle; includeInIndex = 0; path = "Coffee PassportTests.xctest"; sourceTree = BUILT_PRODUCTS_DIR; };
		6972B6142D5D8EF200F29A45 /* Coffee PassportUITests.xctest */ = {isa = PBXFileReference; explicitFileType = wrapper.cfbundle; includeInIndex = 0; path = "Coffee PassportUITests.xctest"; sourceTree = BUILT_PRODUCTS_DIR; };
/* End PBXFileReference section */

/* Begin PBXFileSystemSynchronizedRootGroup section */
		6972B5FC2D5D8EF000F29A45 /* Coffee Passport */ = {
			isa = PBXFileSystemSynchronizedRootGroup;
			path = "Coffee Passport";
			sourceTree = "<group>";
		};
		6972B60D2D5D8EF200F29A45 /* Coffee PassportTests */ = {
			isa = PBXFileSystemSynchronizedRootGroup;
			path = "Coffee PassportTests";
			sourceTree = "<group>";
		};
		6972B6172D5D8EF200F29A45 /* Coffee PassportUITests */ = {
			isa = PBXFileSystemSynchronizedRootGroup;
			path = "Coffee PassportUITests";
			sourceTree = "<group>";
		};
/* End PBXFileSystemSynchronizedRootGroup section */

/* Begin PBXFrameworksBuildPhase section */
		6972B5F72D5D8EF000F29A45 /* Frameworks */ = {
			isa = PBXFrameworksBuildPhase;
			buildActionMask = 2147483647;
			files = (
			);
			runOnlyForDeploymentPostprocessing = 0;
		};
		6972B6072D5D8EF200F29A45 /* Frameworks */ = {
			isa = PBXFrameworksBuildPhase;
			buildActionMask = 2147483647;
			files = (
			);
			runOnlyForDeploymentPostprocessing = 0;
		};
		6972B6112D5D8EF200F29A45 /* Frameworks */ = {
			isa = PBXFrameworksBuildPhase;
			buildActionMask = 2147483647;
			files = (
			);
			runOnlyForDeploymentPostprocessing = 0;
		};
/* End PBXFrameworksBuildPhase section */

/* Begin PBXGroup section */
		6972B5F12D5D8EF000F29A45 = {
			isa = PBXGroup;
			children = (
				6972B5FC2D5D8EF000F29A45 /* Coffee Passport */,
				6972B60D2D5D8EF200F29A45 /* Coffee PassportTests */,
				6972B6172D5D8EF200F29A45 /* Coffee PassportUITests */,
				6972B5FB2D5D8EF000F29A45 /* Products */,
			);
			sourceTree = "<group>";
		};
		6972B5FB2D5D8EF000F29A45 /* Products */ = {
			isa = PBXGroup;
			children = (
				6972B5FA2D5D8EF000F29A45 /* Coffee Passport.app */,
				6972B60A2D5D8EF200F29A45 /* Coffee PassportTests.xctest */,
				6972B6142D5D8EF200F29A45 /* Coffee PassportUITests.xctest */,
			);
			name = Products;
			sourceTree = "<group>";
		};
/* End PBXGroup section */

/* Begin PBXNativeTarget section */
		6972B5F92D5D8EF000F29A45 /* Coffee Passport */ = {
			isa = PBXNativeTarget;
			buildConfigurationList = 6972B61E2D5D8EF200F29A45 /* Build configuration list for PBXNativeTarget "Coffee Passport" */;
			buildPhases = (
				6972B5F62D5D8EF000F29A45 /* Sources */,
				6972B5F72D5D8EF000F29A45 /* Frameworks */,
				6972B5F82D5D8EF000F29A45 /* Resources */,
			);
			buildRules = (
			);
			dependencies = (
			);
			fileSystemSynchronizedGroups = (
				6972B5FC2D5D8EF000F29A45 /* Coffee Passport */,
			);
			name = "Coffee Passport";
			packageProductDependencies = (
			);
			productName = "Coffee Passport";
			productReference = 6972B5FA2D5D8EF000F29A45 /* Coffee Passport.app */;
			productType = "com.apple.product-type.application";
		};
		6972B6092D5D8EF200F29A45 /* Coffee PassportTests */ = {
			isa = PBXNativeTarget;
			buildConfigurationList = 6972B6212D5D8EF200F29A45 /* Build configuration list for PBXNativeTarget "Coffee PassportTests" */;
			buildPhases = (
				6972B6062D5D8EF200F29A45 /* Sources */,
				6972B6072D5D8EF200F29A45 /* Frameworks */,
				6972B6082D5D8EF200F29A45 /* Resources */,
			);
			buildRules = (
			);
			dependencies = (
				6972B60C2D5D8EF200F29A45 /* PBXTargetDependency */,
			);
			fileSystemSynchronizedGroups = (
				6972B60D2D5D8EF200F29A45 /* Coffee PassportTests */,
			);
			name = "Coffee PassportTests";
			packageProductDependencies = (
			);
			productName = "Coffee PassportTests";
			productReference = 6972B60A2D5D8EF200F29A45 /* Coffee PassportTests.xctest */;
			productType = "com.apple.product-type.bundle.unit-test";
		};
		6972B6132D5D8EF200F29A45 /* Coffee PassportUITests */ = {
			isa = PBXNativeTarget;
			buildConfigurationList = 6972B6242D5D8EF200F29A45 /* Build configuration list for PBXNativeTarget "Coffee PassportUITests" */;
			buildPhases = (
				6972B6102D5D8EF200F29A45 /* Sources */,
				6972B6112D5D8EF200F29A45 /* Frameworks */,
				6972B6122D5D8EF200F29A45 /* Resources */,
			);
			buildRules = (
			);
			dependencies = (
				6972B6162D5D8EF200F29A45 /* PBXTargetDependency */,
			);
			fileSystemSynchronizedGroups = (
				6972B6172D5D8EF200F29A45 /* Coffee PassportUITests */,
			);
			name = "Coffee PassportUITests";
			packageProductDependencies = (
			);
			productName = "Coffee PassportUITests";
			productReference = 6972B6142D5D8EF200F29A45 /* Coffee PassportUITests.xctest */;
			productType = "com.apple.product-type.bundle.ui-testing";
		};
/* End PBXNativeTarget section */

/* Begin PBXProject section */
		6972B5F22D5D8EF000F29A45 /* Project object */ = {
			isa = PBXProject;
			attributes = {
				BuildIndependentTargetsInParallel = 1;
				LastSwiftUpdateCheck = 1620;
				LastUpgradeCheck = 1620;
				TargetAttributes = {
					6972B5F92D5D8EF000F29A45 = {
						CreatedOnToolsVersion = 16.2;
						LastSwiftMigration = 1630;
					};
					6972B6092D5D8EF200F29A45 = {
						CreatedOnToolsVersion = 16.2;
						TestTargetID = 6972B5F92D5D8EF000F29A45;
					};
					6972B6132D5D8EF200F29A45 = {
						CreatedOnToolsVersion = 16.2;
						TestTargetID = 6972B5F92D5D8EF000F29A45;
					};
				};
			};
			buildConfigurationList = 6972B5F52D5D8EF000F29A45 /* Build configuration list for PBXProject "Coffee Passport" */;
			developmentRegion = en;
			hasScannedForEncodings = 0;
			knownRegions = (
				en,
				Base,
			);
			mainGroup = 6972B5F12D5D8EF000F29A45;
			minimizedProjectReferenceProxies = 1;
			packageReferences = (
				694FA6EE2DA5A92C001FE623 /* XCLocalSwiftPackageReference "../../Downloads/CoffeePassportPackage" */,
			);
			preferredProjectObjectVersion = 77;
			productRefGroup = 6972B5FB2D5D8EF000F29A45 /* Products */;
			projectDirPath = "";
			projectRoot = "";
			targets = (
				6972B5F92D5D8EF000F29A45 /* Coffee Passport */,
				6972B6092D5D8EF200F29A45 /* Coffee PassportTests */,
				6972B6132D5D8EF200F29A45 /* Coffee PassportUITests */,
			);
		};
/* End PBXProject section */

/* Begin PBXResourcesBuildPhase section */
		6972B5F82D5D8EF000F29A45 /* Resources */ = {
			isa = PBXResourcesBuildPhase;
			buildActionMask = 2147483647;
			files = (
			);
			runOnlyForDeploymentPostprocessing = 0;
		};
		6972B6082D5D8EF200F29A45 /* Resources */ = {
			isa = PBXResourcesBuildPhase;
			buildActionMask = 2147483647;
			files = (
			);
			runOnlyForDeploymentPostprocessing = 0;
		};
		6972B6122D5D8EF200F29A45 /* Resources */ = {
			isa = PBXResourcesBuildPhase;
			buildActionMask = 2147483647;
			files = (
			);
			runOnlyForDeploymentPostprocessing = 0;
		};
/* End PBXResourcesBuildPhase section */

/* Begin PBXSourcesBuildPhase section */
		6972B5F62D5D8EF000F29A45 /* Sources */ = {
			isa = PBXSourcesBuildPhase;
			buildActionMask = 2147483647;
			files = (
			);
			runOnlyForDeploymentPostprocessing = 0;
		};
		6972B6062D5D8EF200F29A45 /* Sources */ = {
			isa = PBXSourcesBuildPhase;
			buildActionMask = 2147483647;
			files = (
			);
			runOnlyForDeploymentPostprocessing = 0;
		};
		6972B6102D5D8EF200F29A45 /* Sources */ = {
			isa = PBXSourcesBuildPhase;
			buildActionMask = 2147483647;
			files = (
			);
			runOnlyForDeploymentPostprocessing = 0;
		};
/* End PBXSourcesBuildPhase section */

/* Begin PBXTargetDependency section */
		6972B60C2D5D8EF200F29A45 /* PBXTargetDependency */ = {
			isa = PBXTargetDependency;
			target = 6972B5F92D5D8EF000F29A45 /* Coffee Passport */;
			targetProxy = 6972B60B2D5D8EF200F29A45 /* PBXContainerItemProxy */;
		};
		6972B6162D5D8EF200F29A45 /* PBXTargetDependency */ = {
			isa = PBXTargetDependency;
			target = 6972B5F92D5D8EF000F29A45 /* Coffee Passport */;
			targetProxy = 6972B6152D5D8EF200F29A45 /* PBXContainerItemProxy */;
		};
/* End PBXTargetDependency section */

/* Begin XCBuildConfiguration section */
		6972B61C2D5D8EF200F29A45 /* Debug */ = {
			isa = XCBuildConfiguration;
			buildSettings = {
				ALWAYS_SEARCH_USER_PATHS = NO;
				ASSETCATALOG_COMPILER_GENERATE_SWIFT_ASSET_SYMBOL_EXTENSIONS = YES;
				CLANG_ANALYZER_NONNULL = YES;
				CLANG_ANALYZER_NUMBER_OBJECT_CONVERSION = YES_AGGRESSIVE;
				CLANG_CXX_LANGUAGE_STANDARD = "gnu++20";
				CLANG_ENABLE_MODULES = YES;
				CLANG_ENABLE_OBJC_ARC = YES;
				CLANG_ENABLE_OBJC_WEAK = YES;
				CLANG_WARN_BLOCK_CAPTURE_AUTORELEASING = YES;
				CLANG_WARN_BOOL_CONVERSION = YES;
				CLANG_WARN_COMMA = YES;
				CLANG_WARN_CONSTANT_CONVERSION = YES;
				CLANG_WARN_DEPRECATED_OBJC_IMPLEMENTATIONS = YES;
				CLANG_WARN_DIRECT_OBJC_ISA_USAGE = YES_ERROR;
				CLANG_WARN_DOCUMENTATION_COMMENTS = YES;
				CLANG_WARN_EMPTY_BODY = YES;
				CLANG_WARN_ENUM_CONVERSION = YES;
				CLANG_WARN_INFINITE_RECURSION = YES;
				CLANG_WARN_INT_CONVERSION = YES;
				CLANG_WARN_NON_LITERAL_NULL_CONVERSION = YES;
				CLANG_WARN_OBJC_IMPLICIT_RETAIN_SELF = YES;
				CLANG_WARN_OBJC_LITERAL_CONVERSION = YES;
				CLANG_WARN_OBJC_ROOT_CLASS = YES_ERROR;
				CLANG_WARN_QUOTED_INCLUDE_IN_FRAMEWORK_HEADER = YES;
				CLANG_WARN_RANGE_LOOP_ANALYSIS = YES;
				CLANG_WARN_STRICT_PROTOTYPES = YES;
				CLANG_WARN_SUSPICIOUS_MOVE = YES;
				CLANG_WARN_UNGUARDED_AVAILABILITY = YES_AGGRESSIVE;
				CLANG_WARN_UNREACHABLE_CODE = YES;
				CLANG_WARN__DUPLICATE_METHOD_MATCH = YES;
				COPY_PHASE_STRIP = NO;
				DEBUG_INFORMATION_FORMAT = dwarf;
				ENABLE_STRICT_OBJC_MSGSEND = YES;
				ENABLE_TESTABILITY = YES;
				ENABLE_USER_SCRIPT_SANDBOXING = YES;
				GCC_C_LANGUAGE_STANDARD = gnu17;
				GCC_DYNAMIC_NO_PIC = NO;
				GCC_NO_COMMON_BLOCKS = YES;
				GCC_OPTIMIZATION_LEVEL = 0;
				GCC_PREPROCESSOR_DEFINITIONS = (
					"DEBUG=1",
					"$(inherited)",
				);
				GCC_WARN_64_TO_32_BIT_CONVERSION = YES;
				GCC_WARN_ABOUT_RETURN_TYPE = YES_ERROR;
				GCC_WARN_UNDECLARED_SELECTOR = YES;
				GCC_WARN_UNINITIALIZED_AUTOS = YES_AGGRESSIVE;
				GCC_WARN_UNUSED_FUNCTION = YES;
				GCC_WARN_UNUSED_VARIABLE = YES;
				IPHONEOS_DEPLOYMENT_TARGET = 18.2;
				LOCALIZATION_PREFERS_STRING_CATALOGS = YES;
				MTL_ENABLE_DEBUG_INFO = INCLUDE_SOURCE;
				MTL_FAST_MATH = YES;
				ONLY_ACTIVE_ARCH = YES;
				SDKROOT = iphoneos;
				SWIFT_ACTIVE_COMPILATION_CONDITIONS = "DEBUG $(inherited)";
				SWIFT_OPTIMIZATION_LEVEL = "-Onone";
			};
			name = Debug;
		};
		6972B61D2D5D8EF200F29A45 /* Release */ = {
			isa = XCBuildConfiguration;
			buildSettings = {
				ALWAYS_SEARCH_USER_PATHS = NO;
				ASSETCATALOG_COMPILER_GENERATE_SWIFT_ASSET_SYMBOL_EXTENSIONS = YES;
				CLANG_ANALYZER_NONNULL = YES;
				CLANG_ANALYZER_NUMBER_OBJECT_CONVERSION = YES_AGGRESSIVE;
				CLANG_CXX_LANGUAGE_STANDARD = "gnu++20";
				CLANG_ENABLE_MODULES = YES;
				CLANG_ENABLE_OBJC_ARC = YES;
				CLANG_ENABLE_OBJC_WEAK = YES;
				CLANG_WARN_BLOCK_CAPTURE_AUTORELEASING = YES;
				CLANG_WARN_BOOL_CONVERSION = YES;
				CLANG_WARN_COMMA = YES;
				CLANG_WARN_CONSTANT_CONVERSION = YES;
				CLANG_WARN_DEPRECATED_OBJC_IMPLEMENTATIONS = YES;
				CLANG_WARN_DIRECT_OBJC_ISA_USAGE = YES_ERROR;
				CLANG_WARN_DOCUMENTATION_COMMENTS = YES;
				CLANG_WARN_EMPTY_BODY = YES;
				CLANG_WARN_ENUM_CONVERSION = YES;
				CLANG_WARN_INFINITE_RECURSION = YES;
				CLANG_WARN_INT_CONVERSION = YES;
				CLANG_WARN_NON_LITERAL_NULL_CONVERSION = YES;
				CLANG_WARN_OBJC_IMPLICIT_RETAIN_SELF = YES;
				CLANG_WARN_OBJC_LITERAL_CONVERSION = YES;
				CLANG_WARN_OBJC_ROOT_CLASS = YES_ERROR;
				CLANG_WARN_QUOTED_INCLUDE_IN_FRAMEWORK_HEADER = YES;
				CLANG_WARN_RANGE_LOOP_ANALYSIS = YES;
				CLANG_WARN_STRICT_PROTOTYPES = YES;
				CLANG_WARN_SUSPICIOUS_MOVE = YES;
				CLANG_WARN_UNGUARDED_AVAILABILITY = YES_AGGRESSIVE;
				CLANG_WARN_UNREACHABLE_CODE = YES;
				CLANG_WARN__DUPLICATE_METHOD_MATCH = YES;
				COPY_PHASE_STRIP = NO;
				DEBUG_INFORMATION_FORMAT = "dwarf-with-dsym";
				ENABLE_NS_ASSERTIONS = NO;
				ENABLE_STRICT_OBJC_MSGSEND = YES;
				ENABLE_USER_SCRIPT_SANDBOXING = YES;
				GCC_C_LANGUAGE_STANDARD = gnu17;
				GCC_NO_COMMON_BLOCKS = YES;
				GCC_WARN_64_TO_32_BIT_CONVERSION = YES;
				GCC_WARN_ABOUT_RETURN_TYPE = YES_ERROR;
				GCC_WARN_UNDECLARED_SELECTOR = YES;
				GCC_WARN_UNINITIALIZED_AUTOS = YES_AGGRESSIVE;
				GCC_WARN_UNUSED_FUNCTION = YES;
				GCC_WARN_UNUSED_VARIABLE = YES;
				IPHONEOS_DEPLOYMENT_TARGET = 18.2;
				LOCALIZATION_PREFERS_STRING_CATALOGS = YES;
				MTL_ENABLE_DEBUG_INFO = NO;
				MTL_FAST_MATH = YES;
				SDKROOT = iphoneos;
				SWIFT_COMPILATION_MODE = wholemodule;
				VALIDATE_PRODUCT = YES;
			};
			name = Release;
		};
		6972B61F2D5D8EF200F29A45 /* Debug */ = {
			isa = XCBuildConfiguration;
			buildSettings = {
				ASSETCATALOG_COMPILER_APPICON_NAME = AppIcon;
				ASSETCATALOG_COMPILER_GLOBAL_ACCENT_COLOR_NAME = AccentColor;
				CLANG_ENABLE_MODULES = YES;
				CODE_SIGN_STYLE = Automatic;
				CURRENT_PROJECT_VERSION = 1;
				DEVELOPMENT_ASSET_PATHS = "\"Coffee Passport/Preview Content\"";
				ENABLE_PREVIEWS = YES;
				GENERATE_INFOPLIST_FILE = YES;
				INFOPLIST_KEY_UIApplicationSceneManifest_Generation = YES;
				INFOPLIST_KEY_UIApplicationSupportsIndirectInputEvents = YES;
				INFOPLIST_KEY_UILaunchScreen_Generation = YES;
				INFOPLIST_KEY_UISupportedInterfaceOrientations_iPad = "UIInterfaceOrientationPortrait UIInterfaceOrientationPortraitUpsideDown UIInterfaceOrientationLandscapeLeft UIInterfaceOrientationLandscapeRight";
				INFOPLIST_KEY_UISupportedInterfaceOrientations_iPhone = "UIInterfaceOrientationPortrait UIInterfaceOrientationLandscapeLeft UIInterfaceOrientationLandscapeRight";
				LD_RUNPATH_SEARCH_PATHS = (
					"$(inherited)",
					"@executable_path/Frameworks",
				);
				MARKETING_VERSION = 1.0;
				PRODUCT_BUNDLE_IDENTIFIER = "UTR.Coffee-Passport";
				PRODUCT_NAME = "$(TARGET_NAME)";
				SWIFT_EMIT_LOC_STRINGS = YES;
				SWIFT_OBJC_BRIDGING_HEADER = "Coffee Passport/Coffee Passport-Bridging-Header.h";
				SWIFT_OPTIMIZATION_LEVEL = "-Onone";
				SWIFT_VERSION = 5.0;
				TARGETED_DEVICE_FAMILY = "1,2";
			};
			name = Debug;
		};
		6972B6202D5D8EF200F29A45 /* Release */ = {
			isa = XCBuildConfiguration;
			buildSettings = {
				ASSETCATALOG_COMPILER_APPICON_NAME = AppIcon;
				ASSETCATALOG_COMPILER_GLOBAL_ACCENT_COLOR_NAME = AccentColor;
				CLANG_ENABLE_MODULES = YES;
				CODE_SIGN_STYLE = Automatic;
				CURRENT_PROJECT_VERSION = 1;
				DEVELOPMENT_ASSET_PATHS = "\"Coffee Passport/Preview Content\"";
				ENABLE_PREVIEWS = YES;
				GENERATE_INFOPLIST_FILE = YES;
				INFOPLIST_KEY_UIApplicationSceneManifest_Generation = YES;
				INFOPLIST_KEY_UIApplicationSupportsIndirectInputEvents = YES;
				INFOPLIST_KEY_UILaunchScreen_Generation = YES;
				INFOPLIST_KEY_UISupportedInterfaceOrientations_iPad = "UIInterfaceOrientationPortrait UIInterfaceOrientationPortraitUpsideDown UIInterfaceOrientationLandscapeLeft UIInterfaceOrientationLandscapeRight";
				INFOPLIST_KEY_UISupportedInterfaceOrientations_iPhone = "UIInterfaceOrientationPortrait UIInterfaceOrientationLandscapeLeft UIInterfaceOrientationLandscapeRight";
				LD_RUNPATH_SEARCH_PATHS = (
					"$(inherited)",
					"@executable_path/Frameworks",
				);
				MARKETING_VERSION = 1.0;
				PRODUCT_BUNDLE_IDENTIFIER = "UTR.Coffee-Passport";
				PRODUCT_NAME = "$(TARGET_NAME)";
				SWIFT_EMIT_LOC_STRINGS = YES;
				SWIFT_OBJC_BRIDGING_HEADER = "Coffee Passport/Coffee Passport-Bridging-Header.h";
				SWIFT_VERSION = 5.0;
				TARGETED_DEVICE_FAMILY = "1,2";
			};
			name = Release;
		};
		6972B6222D5D8EF200F29A45 /* Debug */ = {
			isa = XCBuildConfiguration;
			buildSettings = {
				BUNDLE_LOADER = "$(TEST_HOST)";
				CODE_SIGN_STYLE = Automatic;
				CURRENT_PROJECT_VERSION = 1;
				GENERATE_INFOPLIST_FILE = YES;
				IPHONEOS_DEPLOYMENT_TARGET = 18.2;
				MARKETING_VERSION = 1.0;
				PRODUCT_BUNDLE_IDENTIFIER = "UTR.Coffee-PassportTests";
				PRODUCT_NAME = "$(TARGET_NAME)";
				SWIFT_EMIT_LOC_STRINGS = NO;
				SWIFT_VERSION = 5.0;
				TARGETED_DEVICE_FAMILY = "1,2";
				TEST_HOST = "$(BUILT_PRODUCTS_DIR)/Coffee Passport.app/$(BUNDLE_EXECUTABLE_FOLDER_PATH)/Coffee Passport";
			};
			name = Debug;
		};
		6972B6232D5D8EF200F29A45 /* Release */ = {
			isa = XCBuildConfiguration;
			buildSettings = {
				BUNDLE_LOADER = "$(TEST_HOST)";
				CODE_SIGN_STYLE = Automatic;
				CURRENT_PROJECT_VERSION = 1;
				GENERATE_INFOPLIST_FILE = YES;
				IPHONEOS_DEPLOYMENT_TARGET = 18.2;
				MARKETING_VERSION = 1.0;
				PRODUCT_BUNDLE_IDENTIFIER = "UTR.Coffee-PassportTests";
				PRODUCT_NAME = "$(TARGET_NAME)";
				SWIFT_EMIT_LOC_STRINGS = NO;
				SWIFT_VERSION = 5.0;
				TARGETED_DEVICE_FAMILY = "1,2";
				TEST_HOST = "$(BUILT_PRODUCTS_DIR)/Coffee Passport.app/$(BUNDLE_EXECUTABLE_FOLDER_PATH)/Coffee Passport";
			};
			name = Release;
		};
		6972B6252D5D8EF200F29A45 /* Debug */ = {
			isa = XCBuildConfiguration;
			buildSettings = {
				CODE_SIGN_STYLE = Automatic;
				CURRENT_PROJECT_VERSION = 1;
				GENERATE_INFOPLIST_FILE = YES;
				MARKETING_VERSION = 1.0;
				PRODUCT_BUNDLE_IDENTIFIER = "UTR.Coffee-PassportUITests";
				PRODUCT_NAME = "$(TARGET_NAME)";
				SWIFT_EMIT_LOC_STRINGS = NO;
				SWIFT_VERSION = 5.0;
				TARGETED_DEVICE_FAMILY = "1,2";
				TEST_TARGET_NAME = "Coffee Passport";
			};
			name = Debug;
		};
		6972B6262D5D8EF200F29A45 /* Release */ = {
			isa = XCBuildConfiguration;
			buildSettings = {
				CODE_SIGN_STYLE = Automatic;
				CURRENT_PROJECT_VERSION = 1;
				GENERATE_INFOPLIST_FILE = YES;
				MARKETING_VERSION = 1.0;
				PRODUCT_BUNDLE_IDENTIFIER = "UTR.Coffee-PassportUITests";
				PRODUCT_NAME = "$(TARGET_NAME)";
				SWIFT_EMIT_LOC_STRINGS = NO;
				SWIFT_VERSION = 5.0;
				TARGETED_DEVICE_FAMILY = "1,2";
				TEST_TARGET_NAME = "Coffee Passport";
			};
			name = Release;
		};
/* End XCBuildConfiguration section */

/* Begin XCConfigurationList section */
		6972B5F52D5D8EF000F29A45 /* Build configuration list for PBXProject "Coffee Passport" */ = {
			isa = XCConfigurationList;
			buildConfigurations = (
				6972B61C2D5D8EF200F29A45 /* Debug */,
				6972B61D2D5D8EF200F29A45 /* Release */,
			);
			defaultConfigurationIsVisible = 0;
			defaultConfigurationName = Release;
		};
		6972B61E2D5D8EF200F29A45 /* Build configuration list for PBXNativeTarget "Coffee Passport" */ = {
			isa = XCConfigurationList;
			buildConfigurations = (
				6972B61F2D5D8EF200F29A45 /* Debug */,
				6972B6202D5D8EF200F29A45 /* Release */,
			);
			defaultConfigurationIsVisible = 0;
			defaultConfigurationName = Release;
		};
		6972B6212D5D8EF200F29A45 /* Build configuration list for PBXNativeTarget "Coffee PassportTests" */ = {
			isa = XCConfigurationList;
			buildConfigurations = (
				6972B6222D5D8EF200F29A45 /* Debug */,
				6972B6232D5D8EF200F29A45 /* Release */,
			);
			defaultConfigurationIsVisible = 0;
			defaultConfigurationName = Release;
		};
		6972B6242D5D8EF200F29A45 /* Build configuration list for PBXNativeTarget "Coffee PassportUITests" */ = {
			isa = XCConfigurationList;
			buildConfigurations = (
				6972B6252D5D8EF200F29A45 /* Debug */,
				6972B6262D5D8EF200F29A45 /* Release */,
			);
			defaultConfigurationIsVisible = 0;
			defaultConfigurationName = Release;
		};
/* End XCConfigurationList section */

/* Begin XCLocalSwiftPackageReference section */
		694FA6EE2DA5A92C001FE623 /* XCLocalSwiftPackageReference "../../Downloads/CoffeePassportPackage" */ = {
			isa = XCLocalSwiftPackageReference;
			relativePath = ../../Downloads/CoffeePassportPackage;
		};
/* End XCLocalSwiftPackageReference section */
	};
	rootObject = 6972B5F22D5D8EF000F29A45 /* Project object */;
}
